{
  "version": 4,
  "terraform_version": "0.12.1",
  "serial": 7,
  "lineage": "ee9cac28-e0b6-6ab1-c608-3bd7a6ac5a58",
  "outputs": {},
  "resources": [
    {
      "module": "module.prod.module.prod",
      "mode": "managed",
      "type": "aws_vpc",
      "name": "vpc",
      "provider": "provider.aws",
      "instances": [
        {
          "schema_version": 1,
          "attributes": {
            "arn": "arn:aws:ec2:us-east-1:753646501470:vpc/vpc-016e9c959d9985b61",
            "assign_generated_ipv6_cidr_block": false,
            "cidr_block": "100.101.0.0/16",
            "default_network_acl_id": "acl-0056322b03fdcbd60",
            "default_route_table_id": "rtb-06033c5009fb1c275",
            "default_security_group_id": "sg-0d29a49cf693eecae",
            "dhcp_options_id": "dopt-1948b062",
            "enable_classiclink": false,
            "enable_classiclink_dns_support": false,
            "enable_dns_hostnames": false,
            "enable_dns_support": true,
            "id": "vpc-016e9c959d9985b61",
            "instance_tenancy": "default",
            "ipv6_association_id": "",
            "ipv6_cidr_block": "",
            "main_route_table_id": "rtb-06033c5009fb1c275",
            "owner_id": "753646501470",
            "tags": {
              "Name": "prod"
            }
          }
        }
      ]
    },
    {
      "module": "module.staging.module.staging",
      "mode": "managed",
      "type": "aws_vpc",
      "name": "vpc",
      "provider": "provider.aws",
      "instances": [
        {
          "schema_version": 1,
          "attributes": {
            "arn": "arn:aws:ec2:us-east-1:753646501470:vpc/vpc-0b20843084a82cce1",
            "assign_generated_ipv6_cidr_block": false,
            "cidr_block": "100.102.0.0/16",
            "default_network_acl_id": "acl-087158b14ec5d2fc5",
            "default_route_table_id": "rtb-0ebe4bd7ede8edcba",
            "default_security_group_id": "sg-04f635b7bba2fbe83",
            "dhcp_options_id": "dopt-1948b062",
            "enable_classiclink": false,
            "enable_classiclink_dns_support": false,
            "enable_dns_hostnames": false,
            "enable_dns_support": true,
            "id": "vpc-0b20843084a82cce1",
            "instance_tenancy": "default",
            "ipv6_association_id": "",
            "ipv6_cidr_block": "",
            "main_route_table_id": "rtb-0ebe4bd7ede8edcba",
            "owner_id": "753646501470",
            "tags": {
              "Name": "staging"
            }
          }
        }
      ]
    },
    {
      "module": "module.dev.module.dev",
      "mode": "managed",
      "type": "aws_vpc",
      "name": "vpc",
      "provider": "provider.aws",
      "instances": [
        {
          "schema_version": 1,
          "attributes": {
            "arn": "arn:aws:ec2:us-east-1:753646501470:vpc/vpc-09226964a78c8316f",
            "assign_generated_ipv6_cidr_block": false,
            "cidr_block": "100.100.0.0/16",
            "default_network_acl_id": "acl-06d39a4af0e7ed8f8",
            "default_route_table_id": "rtb-05dc490f2c705e2fd",
            "default_security_group_id": "sg-086438d7f567dbaf2",
            "dhcp_options_id": "dopt-1948b062",
            "enable_classiclink": false,
            "enable_classiclink_dns_support": false,
            "enable_dns_hostnames": false,
            "enable_dns_support": true,
            "id": "vpc-09226964a78c8316f",
            "instance_tenancy": "default",
            "ipv6_association_id": "",
            "ipv6_cidr_block": "",
            "main_route_table_id": "rtb-05dc490f2c705e2fd",
            "owner_id": "753646501470",
            "tags": {
              "Name": "dev01"
            }
          }
        }
      ]
    }
  ]
}
